// !$*UTF8*$!
{
	archiveVersion = 1;
	classes = {
	};
	objectVersion = 46;
	objects = {

/* Begin PBXBuildFile section */
		8233099E1D46570000FF965E /* pokemon.csv in Resources */ = {isa = PBXBuildFile; fileRef = 8233099D1D46570000FF965E /* pokemon.csv */; };
		823309A41D46D88F00FF965E /* Pokemon.swift in Sources */ = {isa = PBXBuildFile; fileRef = 823309A31D46D88F00FF965E /* Pokemon.swift */; };
		823309A61D46EA4800FF965E /* PokeCell.swift in Sources */ = {isa = PBXBuildFile; fileRef = 823309A51D46EA4800FF965E /* PokeCell.swift */; };
		82BA68DF1D45C4E3004345B4 /* AppDelegate.swift in Sources */ = {isa = PBXBuildFile; fileRef = 82BA68DE1D45C4E3004345B4 /* AppDelegate.swift */; };
		82BA68E11D45C4E3004345B4 /* ViewController.swift in Sources */ = {isa = PBXBuildFile; fileRef = 82BA68E01D45C4E3004345B4 /* ViewController.swift */; };
		82BA68E41D45C4E3004345B4 /* Main.storyboard in Resources */ = {isa = PBXBuildFile; fileRef = 82BA68E21D45C4E3004345B4 /* Main.storyboard */; };
		82BA68E61D45C4E3004345B4 /* Assets.xcassets in Resources */ = {isa = PBXBuildFile; fileRef = 82BA68E51D45C4E3004345B4 /* Assets.xcassets */; };
		82BA68E91D45C4E3004345B4 /* LaunchScreen.storyboard in Resources */ = {isa = PBXBuildFile; fileRef = 82BA68E71D45C4E3004345B4 /* LaunchScreen.storyboard */; };
/* End PBXBuildFile section */

/* Begin PBXFileReference section */
		8233099D1D46570000FF965E /* pokemon.csv */ = {isa = PBXFileReference; fileEncoding = 4; lastKnownFileType = text; path = pokemon.csv; sourceTree = "<group>"; };
		823309A31D46D88F00FF965E /* Pokemon.swift */ = {isa = PBXFileReference; fileEncoding = 4; lastKnownFileType = sourcecode.swift; path = Pokemon.swift; sourceTree = "<group>"; };
		823309A51D46EA4800FF965E /* PokeCell.swift */ = {isa = PBXFileReference; fileEncoding = 4; lastKnownFileType = sourcecode.swift; path = PokeCell.swift; sourceTree = "<group>"; };
		82BA68DB1D45C4E3004345B4 /* PokietMonDect.app */ = {isa = PBXFileReference; explicitFileType = wrapper.application; includeInIndex = 0; path = PokietMonDect.app; sourceTree = BUILT_PRODUCTS_DIR; };
		82BA68DE1D45C4E3004345B4 /* AppDelegate.swift */ = {isa = PBXFileReference; lastKnownFileType = sourcecode.swift; path = AppDelegate.swift; sourceTree = "<group>"; };
		82BA68E01D45C4E3004345B4 /* ViewController.swift */ = {isa = PBXFileReference; lastKnownFileType = sourcecode.swift; path = ViewController.swift; sourceTree = "<group>"; };
		82BA68E31D45C4E3004345B4 /* Base */ = {isa = PBXFileReference; lastKnownFileType = file.storyboard; name = Base; path = Base.lproj/Main.storyboard; sourceTree = "<group>"; };
		82BA68E51D45C4E3004345B4 /* Assets.xcassets */ = {isa = PBXFileReference; lastKnownFileType = folder.assetcatalog; path = Assets.xcassets; sourceTree = "<group>"; };
		82BA68E81D45C4E3004345B4 /* Base */ = {isa = PBXFileReference; lastKnownFileType = file.storyboard; name = Base; path = Base.lproj/LaunchScreen.storyboard; sourceTree = "<group>"; };
		82BA68EA1D45C4E3004345B4 /* Info.plist */ = {isa = PBXFileReference; lastKnownFileType = text.plist.xml; path = Info.plist; sourceTree = "<group>"; };
/* End PBXFileReference section */

/* Begin PBXFrameworksBuildPhase section */
		82BA68D81D45C4E3004345B4 /* Frameworks */ = {
			isa = PBXFrameworksBuildPhase;
			buildActionMask = 2147483647;
			files = (
			);
			runOnlyForDeploymentPostprocessing = 0;
		};
/* End PBXFrameworksBuildPhase section */

/* Begin PBXGroup section */
		8233099F1D46D4FA00FF965E /* Resource */ = {
			isa = PBXGroup;
			children = (
				8233099D1D46570000FF965E /* pokemon.csv */,
				82BA68E51D45C4E3004345B4 /* Assets.xcassets */,
			);
			name = Resource;
			sourceTree = "<group>";
		};
		823309A01D46D51100FF965E /* Controller */ = {
			isa = PBXGroup;
			children = (
				82BA68E01D45C4E3004345B4 /* ViewController.swift */,
			);
			name = Controller;
			sourceTree = "<group>";
		};
		823309A11D46D53400FF965E /* View */ = {
			isa = PBXGroup;
			children = (
				82BA68E71D45C4E3004345B4 /* LaunchScreen.storyboard */,
				82BA68E21D45C4E3004345B4 /* Main.storyboard */,
				823309A51D46EA4800FF965E /* PokeCell.swift */,
			);
			name = View;
			sourceTree = "<group>";
		};
		823309A21D46D55200FF965E /* Modle */ = {
			isa = PBXGroup;
			children = (
				823309A31D46D88F00FF965E /* Pokemon.swift */,
			);
			name = Modle;
			sourceTree = "<group>";
		};
		82BA68D21D45C4E3004345B4 = {
			isa = PBXGroup;
			children = (
				82BA68DD1D45C4E3004345B4 /* PokietMonDect */,
				82BA68DC1D45C4E3004345B4 /* Products */,
			);
			sourceTree = "<group>";
		};
		82BA68DC1D45C4E3004345B4 /* Products */ = {
			isa = PBXGroup;
			children = (
				82BA68DB1D45C4E3004345B4 /* PokietMonDect.app */,
			);
			name = Products;
			sourceTree = "<group>";
		};
		82BA68DD1D45C4E3004345B4 /* PokietMonDect */ = {
			isa = PBXGroup;
			children = (
				82BA68DE1D45C4E3004345B4 /* AppDelegate.swift */,
				823309A21D46D55200FF965E /* Modle */,
				823309A11D46D53400FF965E /* View */,
				823309A01D46D51100FF965E /* Controller */,
				8233099F1D46D4FA00FF965E /* Resource */,
				82BA68EA1D45C4E3004345B4 /* Info.plist */,
			);
			path = PokietMonDect;
			sourceTree = "<group>";
		};
/* End PBXGroup section */

/* Begin PBXNativeTarget section */
		82BA68DA1D45C4E3004345B4 /* PokietMonDect */ = {
			isa = PBXNativeTarget;
			buildConfigurationList = 82BA68ED1D45C4E3004345B4 /* Build configuration list for PBXNativeTarget "PokietMonDect" */;
			buildPhases = (
				82BA68D71D45C4E3004345B4 /* Sources */,
				82BA68D81D45C4E3004345B4 /* Frameworks */,
				82BA68D91D45C4E3004345B4 /* Resources */,
			);
			buildRules = (
			);
			dependencies = (
			);
			name = PokietMonDect;
			productName = PokietMonDect;
			productReference = 82BA68DB1D45C4E3004345B4 /* PokietMonDect.app */;
			productType = "com.apple.product-type.application";
		};
/* End PBXNativeTarget section */

/* Begin PBXProject section */
		82BA68D31D45C4E3004345B4 /* Project object */ = {
			isa = PBXProject;
			attributes = {
				LastSwiftUpdateCheck = 0730;
				LastUpgradeCheck = 0730;
				ORGANIZATIONNAME = Keynote;
				TargetAttributes = {
					82BA68DA1D45C4E3004345B4 = {
						CreatedOnToolsVersion = 7.3.1;
					};
				};
			};
			buildConfigurationList = 82BA68D61D45C4E3004345B4 /* Build configuration list for PBXProject "PokietMonDect" */;
			compatibilityVersion = "Xcode 3.2";
			developmentRegion = English;
			hasScannedForEncodings = 0;
			knownRegions = (
				en,
				Base,
			);
			mainGroup = 82BA68D21D45C4E3004345B4;
			productRefGroup = 82BA68DC1D45C4E3004345B4 /* Products */;
			projectDirPath = "";
			projectRoot = "";
			targets = (
				82BA68DA1D45C4E3004345B4 /* PokietMonDect */,
			);
		};
/* End PBXProject section */

/* Begin PBXResourcesBuildPhase section */
		82BA68D91D45C4E3004345B4 /* Resources */ = {
			isa = PBXResourcesBuildPhase;
			buildActionMask = 2147483647;
			files = (
				82BA68E91D45C4E3004345B4 /* LaunchScreen.storyboard in Resources */,
				82BA68E61D45C4E3004345B4 /* Assets.xcassets in Resources */,
				8233099E1D46570000FF965E /* pokemon.csv in Resources */,
				82BA68E41D45C4E3004345B4 /* Main.storyboard in Resources */,
			);
			runOnlyForDeploymentPostprocessing = 0;
		};
/* End PBXResourcesBuildPhase section */

/* Begin PBXSourcesBuildPhase section */
		82BA68D71D45C4E3004345B4 /* Sources */ = {
			isa = PBXSourcesBuildPhase;
			buildActionMask = 2147483647;
			files = (
				823309A61D46EA4800FF965E /* PokeCell.swift in Sources */,
				82BA68E11D45C4E3004345B4 /* ViewController.swift in Sources */,
				82BA68DF1D45C4E3004345B4 /* AppDelegate.swift in Sources */,
				823309A41D46D88F00FF965E /* Pokemon.swift in Sources */,
			);
			runOnlyForDeploymentPostprocessing = 0;
		};
/* End PBXSourcesBuildPhase section */

/* Begin PBXVariantGroup section */
		82BA68E21D45C4E3004345B4 /* Main.storyboard */ = {
			isa = PBXVariantGroup;
			children = (
				82BA68E31D45C4E3004345B4 /* Base */,
			);
			name = Main.storyboard;
			sourceTree = "<group>";
		};
		82BA68E71D45C4E3004345B4 /* LaunchScreen.storyboard */ = {
			isa = PBXVariantGroup;
			children = (
				82BA68E81D45C4E3004345B4 /* Base */,
			);
			name = LaunchScreen.storyboard;
			sourceTree = "<group>";
		};
/* End PBXVariantGroup section */

/* Begin XCBuildConfiguration section */
		82BA68EB1D45C4E3004345B4 /* Debug */ = {
			isa = XCBuildConfiguration;
			buildSettings = {
				ALWAYS_SEARCH_USER_PATHS = NO;
				CLANG_ANALYZER_NONNULL = YES;
				CLANG_CXX_LANGUAGE_STANDARD = "gnu++0x";
				CLANG_CXX_LIBRARY = "libc++";
				CLANG_ENABLE_MODULES = YES;
				CLANG_ENABLE_OBJC_ARC = YES;
				CLANG_WARN_BOOL_CONVERSION = YES;
				CLANG_WARN_CONSTANT_CONVERSION = YES;
				CLANG_WARN_DIRECT_OBJC_ISA_USAGE = YES_ERROR;
				CLANG_WARN_EMPTY_BODY = YES;
				CLANG_WARN_ENUM_CONVERSION = YES;
				CLANG_WARN_INT_CONVERSION = YES;
				CLANG_WARN_OBJC_ROOT_CLASS = YES_ERROR;
				CLANG_WARN_UNREACHABLE_CODE = YES;
				CLANG_WARN__DUPLICATE_METHOD_MATCH = YES;
				"CODE_SIGN_IDENTITY[sdk=iphoneos*]" = "iPhone Developer";
				COPY_PHASE_STRIP = NO;
				DEBUG_INFORMATION_FORMAT = dwarf;
				ENABLE_STRICT_OBJC_MSGSEND = YES;
				ENABLE_TESTABILITY = YES;
				GCC_C_LANGUAGE_STANDARD = gnu99;
				GCC_DYNAMIC_NO_PIC = NO;
				GCC_NO_COMMON_BLOCKS = YES;
				GCC_OPTIMIZATION_LEVEL = 0;
				GCC_PREPROCESSOR_DEFINITIONS = (
					"DEBUG=1",
					"$(inherited)",
				);
				GCC_WARN_64_TO_32_BIT_CONVERSION = YES;
				GCC_WARN_ABOUT_RETURN_TYPE = YES_ERROR;
				GCC_WARN_UNDECLARED_SELECTOR = YES;
				GCC_WARN_UNINITIALIZED_AUTOS = YES_AGGRESSIVE;
				GCC_WARN_UNUSED_FUNCTION = YES;
				GCC_WARN_UNUSED_VARIABLE = YES;
				IPHONEOS_DEPLOYMENT_TARGET = 9.3;
				MTL_ENABLE_DEBUG_INFO = YES;
				ONLY_ACTIVE_ARCH = YES;
				SDKROOT = iphoneos;
				SWIFT_OPTIMIZATION_LEVEL = "-Onone";
			};
			name = Debug;
		};
		82BA68EC1D45C4E3004345B4 /* Release */ = {
			isa = XCBuildConfiguration;
			buildSettings = {
				ALWAYS_SEARCH_USER_PATHS = NO;
				CLANG_ANALYZER_NONNULL = YES;
				CLANG_CXX_LANGUAGE_STANDARD = "gnu++0x";
				CLANG_CXX_LIBRARY = "libc++";
				CLANG_ENABLE_MODULES = YES;
				CLANG_ENABLE_OBJC_ARC = YES;
				CLANG_WARN_BOOL_CONVERSION = YES;
				CLANG_WARN_CONSTANT_CONVERSION = YES;
				CLANG_WARN_DIRECT_OBJC_ISA_USAGE = YES_ERROR;
				CLANG_WARN_EMPTY_BODY = YES;
				CLANG_WARN_ENUM_CONVERSION = YES;
				CLANG_WARN_INT_CONVERSION = YES;
				CLANG_WARN_OBJC_ROOT_CLASS = YES_ERROR;
				CLANG_WARN_UNREACHABLE_CODE = YES;
				CLANG_WARN__DUPLICATE_METHOD_MATCH = YES;
				"CODE_SIGN_IDENTITY[sdk=iphoneos*]" = "iPhone Developer";
				COPY_PHASE_STRIP = NO;
				DEBUG_INFORMATION_FORMAT = "dwarf-with-dsym";
				ENABLE_NS_ASSERTIONS = NO;
				ENABLE_STRICT_OBJC_MSGSEND = YES;
				GCC_C_LANGUAGE_STANDARD = gnu99;
				GCC_NO_COMMON_BLOCKS = YES;
				GCC_WARN_64_TO_32_BIT_CONVERSION = YES;
				GCC_WARN_ABOUT_RETURN_TYPE = YES_ERROR;
				GCC_WARN_UNDECLARED_SELECTOR = YES;
				GCC_WARN_UNINITIALIZED_AUTOS = YES_AGGRESSIVE;
				GCC_WARN_UNUSED_FUNCTION = YES;
				GCC_WARN_UNUSED_VARIABLE = YES;
				IPHONEOS_DEPLOYMENT_TARGET = 9.3;
				MTL_ENABLE_DEBUG_INFO = NO;
				SDKROOT = iphoneos;
				VALIDATE_PRODUCT = YES;
			};
			name = Release;
		};
		82BA68EE1D45C4E3004345B4 /* Debug */ = {
			isa = XCBuildConfiguration;
			buildSettings = {
				ASSETCATALOG_COMPILER_APPICON_NAME = AppIcon;
				INFOPLIST_FILE = PokietMonDect/Info.plist;
				LD_RUNPATH_SEARCH_PATHS = "$(inherited) @executable_path/Frameworks";
				PRODUCT_BUNDLE_IDENTIFIER = com.coolApp.PokietMonDect;
				PRODUCT_NAME = "$(TARGET_NAME)";
			};
			name = Debug;
		};
		82BA68EF1D45C4E3004345B4 /* Release */ = {
			isa = XCBuildConfiguration;
			buildSettings = {
				ASSETCATALOG_COMPILER_APPICON_NAME = AppIcon;
				INFOPLIST_FILE = PokietMonDect/Info.plist;
				LD_RUNPATH_SEARCH_PATHS = "$(inherited) @executable_path/Frameworks";
				PRODUCT_BUNDLE_IDENTIFIER = com.coolApp.PokietMonDect;
				PRODUCT_NAME = "$(TARGET_NAME)";
			};
			name = Release;
		};
/* End XCBuildConfiguration section */

/* Begin XCConfigurationList section */
		82BA68D61D45C4E3004345B4 /* Build configuration list for PBXProject "PokietMonDect" */ = {
			isa = XCConfigurationList;
			buildConfigurations = (
				82BA68EB1D45C4E3004345B4 /* Debug */,
				82BA68EC1D45C4E3004345B4 /* Release */,
			);
			defaultConfigurationIsVisible = 0;
			defaultConfigurationName = Release;
		};
		82BA68ED1D45C4E3004345B4 /* Build configuration list for PBXNativeTarget "PokietMonDect" */ = {
			isa = XCConfigurationList;
			buildConfigurations = (
				82BA68EE1D45C4E3004345B4 /* Debug */,
				82BA68EF1D45C4E3004345B4 /* Release */,
			);
			defaultConfigurationIsVisible = 0;
			defaultConfigurationName = Release;
		};
/* End XCConfigurationList section */
	};
	rootObject = 82BA68D31D45C4E3004345B4 /* Project object */;
}
